
Microsoft Visual Studio Solution File, Format Version 12.00
# Visual Studio Version 17
VisualStudioVersion = 17.0.31919.166
MinimumVisualStudioVersion = 10.0.40219.1
Project("{9A19103F-16F7-4668-BE54-9A1E7A4F7556}") = "AdventOfCode2020", "2020\AdventOfCode2020.csproj", "{DFA93BAB-EDA6-4D33-80D3-E97FC2EC43C4}"
EndProject
Project("{FAE04EC0-301F-11D3-BF4B-00C04F79EFBC}") = "AdventOfCode2021", "2021\AdventOfCode2021.csproj", "{7D3E28CA-2804-488F-B2F8-AF013D9963DB}"
EndProject
Global
	GlobalSection(SolutionConfigurationPlatforms) = preSolution
		Debug|Any CPU = Debug|Any CPU
		Release|Any CPU = Release|Any CPU
	EndGlobalSection
	GlobalSection(ProjectConfigurationPlatforms) = postSolution
		{DFA93BAB-EDA6-4D33-80D3-E97FC2EC43C4}.Debug|Any CPU.ActiveCfg = Debug|Any CPU
		{DFA93BAB-EDA6-4D33-80D3-E97FC2EC43C4}.Debug|Any CPU.Build.0 = Debug|Any CPU
		{DFA93BAB-EDA6-4D33-80D3-E97FC2EC43C4}.Release|Any CPU.ActiveCfg = Release|Any CPU
		{DFA93BAB-EDA6-4D33-80D3-E97FC2EC43C4}.Release|Any CPU.Build.0 = Release|Any CPU
		{7D3E28CA-2804-488F-B2F8-AF013D9963DB}.Debug|Any CPU.ActiveCfg = Debug|Any CPU
		{7D3E28CA-2804-488F-B2F8-AF013D9963DB}.Debug|Any CPU.Build.0 = Debug|Any CPU
		{7D3E28CA-2804-488F-B2F8-AF013D9963DB}.Release|Any CPU.ActiveCfg = Release|Any CPU
		{7D3E28CA-2804-488F-B2F8-AF013D9963DB}.Release|Any CPU.Build.0 = Release|Any CPU
	EndGlobalSection
	GlobalSection(SolutionProperties) = preSolution
		HideSolutionNode = FALSE
	EndGlobalSection
	GlobalSection(ExtensibilityGlobals) = postSolution
		SolutionGuid = {6666B4D7-D16A-437C-B8E0-B28D6C0C067E}
	EndGlobalSection
EndGlobal
